
Microsoft Visual Studio Solution File, Format Version 12.00
# Visual Studio 15
VisualStudioVersion = 15.0.27130.2010
MinimumVisualStudioVersion = 10.0.40219.1
Project("{FAE04EC0-301F-11D3-BF4B-00C04F79EFBC}") = "bogosort", "bogosort.csproj", "{F7BBC301-0757-4C22-A35F-A78E8A29545D}"
EndProject
Global
	GlobalSection(SolutionConfigurationPlatforms) = preSolution
		Debug|Any CPU = Debug|Any CPU
		Release|Any CPU = Release|Any CPU
	EndGlobalSection
	GlobalSection(ProjectConfigurationPlatforms) = postSolution
		{F7BBC301-0757-4C22-A35F-A78E8A29545D}.Debug|Any CPU.ActiveCfg = Debug|Any CPU
		{F7BBC301-0757-4C22-A35F-A78E8A29545D}.Debug|Any CPU.Build.0 = Debug|Any CPU
		{F7BBC301-0757-4C22-A35F-A78E8A29545D}.Release|Any CPU.ActiveCfg = Release|Any CPU
		{F7BBC301-0757-4C22-A35F-A78E8A29545D}.Release|Any CPU.Build.0 = Release|Any CPU
	EndGlobalSection
	GlobalSection(SolutionProperties) = preSolution
		HideSolutionNode = FALSE
	EndGlobalSection
	GlobalSection(ExtensibilityGlobals) = postSolution
		SolutionGuid = {37CF9D54-19B4-4931-B593-F810F400A45B}
	EndGlobalSection
EndGlobal
