
Microsoft Visual Studio Solution File, Format Version 12.00
# Visual Studio 15
VisualStudioVersion = 15.0.27130.2010
MinimumVisualStudioVersion = 10.0.40219.1
Project("{FAE04EC0-301F-11D3-BF4B-00C04F79EFBC}") = "006_ChessboardQueens", "006_ChessboardQueens.csproj", "{9D24D482-F45D-475A-9DD5-034CFC5BAA6F}"
EndProject
Global
	GlobalSection(SolutionConfigurationPlatforms) = preSolution
		Debug|Any CPU = Debug|Any CPU
		Release|Any CPU = Release|Any CPU
	EndGlobalSection
	GlobalSection(ProjectConfigurationPlatforms) = postSolution
		{9D24D482-F45D-475A-9DD5-034CFC5BAA6F}.Debug|Any CPU.ActiveCfg = Debug|Any CPU
		{9D24D482-F45D-475A-9DD5-034CFC5BAA6F}.Debug|Any CPU.Build.0 = Debug|Any CPU
		{9D24D482-F45D-475A-9DD5-034CFC5BAA6F}.Release|Any CPU.ActiveCfg = Release|Any CPU
		{9D24D482-F45D-475A-9DD5-034CFC5BAA6F}.Release|Any CPU.Build.0 = Release|Any CPU
	EndGlobalSection
	GlobalSection(SolutionProperties) = preSolution
		HideSolutionNode = FALSE
	EndGlobalSection
	GlobalSection(ExtensibilityGlobals) = postSolution
		SolutionGuid = {3FE8C2DC-715B-4866-9818-121E3E4AA06D}
	EndGlobalSection
EndGlobal
